Microsoft Visual Studio Solution File, Format Version 12.00
# Visual Studio Version 17
VisualStudioVersion = 17.0.31903.59
MinimumVisualStudioVersion = 10.0.40219.1
Project("{FAE04EC0-301F-11D3-BF4B-00C04F79EFBC}") = "Loterias.QueryApiService", "Loterias.QueryApiService\Loterias.QueryApiService.csproj", "{56E8BEC2-EF76-7BA4-DEE8-335E3ACED47F}"
EndProject
Project("{FAE04EC0-301F-11D3-BF4B-00C04F79EFBC}") = "Loterias.RedisCacheService", "Loterias.RedisCacheService\Loterias.RedisCacheService.csproj", "{7D8A09F4-0A74-FCE3-2A40-FFCAFA1D813C}"
EndProject
Project("{FAE04EC0-301F-11D3-BF4B-00C04F79EFBC}") = "Loterias.Shared", "Loterias.Shared\Loterias.Shared.csproj", "{FCA81ABD-AA03-1FCE-D4F3-3AF735218AEA}"
EndProject
Project("{FAE04EC0-301F-11D3-BF4B-00C04F79EFBC}") = "Loterias.Tests.Integration", "Loterias.Tests.Integration\Loterias.Tests.Integration.csproj", "{CCC16BCB-FE66-0B46-4383-A0C84D1F9E06}"
EndProject
Project("{FAE04EC0-301F-11D3-BF4B-00C04F79EFBC}") = "Loterias.Tests.Unit", "Loterias.Tests.Unit\Loterias.Tests.Unit.csproj", "{C444DA2E-7487-795F-8145-0569CBA9385E}"
EndProject
Global
	GlobalSection(SolutionConfigurationPlatforms) = preSolution
		Debug|Any CPU = Debug|Any CPU
		Release|Any CPU = Release|Any CPU
	EndGlobalSection
	GlobalSection(ProjectConfigurationPlatforms) = postSolution
		{56E8BEC2-EF76-7BA4-DEE8-335E3ACED47F}.Debug|Any CPU.ActiveCfg = Debug|Any CPU
		{56E8BEC2-EF76-7BA4-DEE8-335E3ACED47F}.Debug|Any CPU.Build.0 = Debug|Any CPU
		{56E8BEC2-EF76-7BA4-DEE8-335E3ACED47F}.Release|Any CPU.ActiveCfg = Release|Any CPU
		{56E8BEC2-EF76-7BA4-DEE8-335E3ACED47F}.Release|Any CPU.Build.0 = Release|Any CPU
		{7D8A09F4-0A74-FCE3-2A40-FFCAFA1D813C}.Debug|Any CPU.ActiveCfg = Debug|Any CPU
		{7D8A09F4-0A74-FCE3-2A40-FFCAFA1D813C}.Debug|Any CPU.Build.0 = Debug|Any CPU
		{7D8A09F4-0A74-FCE3-2A40-FFCAFA1D813C}.Release|Any CPU.ActiveCfg = Release|Any CPU
		{7D8A09F4-0A74-FCE3-2A40-FFCAFA1D813C}.Release|Any CPU.Build.0 = Release|Any CPU
		{FCA81ABD-AA03-1FCE-D4F3-3AF735218AEA}.Debug|Any CPU.ActiveCfg = Debug|Any CPU
		{FCA81ABD-AA03-1FCE-D4F3-3AF735218AEA}.Debug|Any CPU.Build.0 = Debug|Any CPU
		{FCA81ABD-AA03-1FCE-D4F3-3AF735218AEA}.Release|Any CPU.ActiveCfg = Release|Any CPU
		{FCA81ABD-AA03-1FCE-D4F3-3AF735218AEA}.Release|Any CPU.Build.0 = Release|Any CPU
		{CCC16BCB-FE66-0B46-4383-A0C84D1F9E06}.Debug|Any CPU.ActiveCfg = Debug|Any CPU
		{CCC16BCB-FE66-0B46-4383-A0C84D1F9E06}.Debug|Any CPU.Build.0 = Debug|Any CPU
		{CCC16BCB-FE66-0B46-4383-A0C84D1F9E06}.Release|Any CPU.ActiveCfg = Release|Any CPU
		{CCC16BCB-FE66-0B46-4383-A0C84D1F9E06}.Release|Any CPU.Build.0 = Release|Any CPU
		{C444DA2E-7487-795F-8145-0569CBA9385E}.Debug|Any CPU.ActiveCfg = Debug|Any CPU
		{C444DA2E-7487-795F-8145-0569CBA9385E}.Debug|Any CPU.Build.0 = Debug|Any CPU
		{C444DA2E-7487-795F-8145-0569CBA9385E}.Release|Any CPU.ActiveCfg = Release|Any CPU
		{C444DA2E-7487-795F-8145-0569CBA9385E}.Release|Any CPU.Build.0 = Release|Any CPU
	EndGlobalSection
	GlobalSection(SolutionProperties) = preSolution
		HideSolutionNode = FALSE
	EndGlobalSection
	GlobalSection(ExtensibilityGlobals) = postSolution
		SolutionGuid = {1B620A0A-6421-46E5-A925-43DBAA039B1A}
	EndGlobalSection
EndGlobal
